
Microsoft Visual Studio Solution File, Format Version 12.00
# Visual Studio Version 17
VisualStudioVersion = 17.1.32210.238
MinimumVisualStudioVersion = 10.0.40219.1
Project("{FAE04EC0-301F-11D3-BF4B-00C04F79EFBC}") = "text", "text.csproj", "{926E7D90-6168-4ADC-BE58-86C2CE9D853C}"
EndProject
Global
	GlobalSection(SolutionConfigurationPlatforms) = preSolution
		Debug|Any CPU = Debug|Any CPU
		Release|Any CPU = Release|Any CPU
	EndGlobalSection
	GlobalSection(ProjectConfigurationPlatforms) = postSolution
		{926E7D90-6168-4ADC-BE58-86C2CE9D853C}.Debug|Any CPU.ActiveCfg = Debug|Any CPU
		{926E7D90-6168-4ADC-BE58-86C2CE9D853C}.Debug|Any CPU.Build.0 = Debug|Any CPU
		{926E7D90-6168-4ADC-BE58-86C2CE9D853C}.Release|Any CPU.ActiveCfg = Release|Any CPU
		{926E7D90-6168-4ADC-BE58-86C2CE9D853C}.Release|Any CPU.Build.0 = Release|Any CPU
	EndGlobalSection
	GlobalSection(SolutionProperties) = preSolution
		HideSolutionNode = FALSE
	EndGlobalSection
	GlobalSection(ExtensibilityGlobals) = postSolution
		SolutionGuid = {02C896DF-7B4D-4159-B83C-370EBC3E2013}
	EndGlobalSection
EndGlobal
